// !$*UTF8*$!
{
	archiveVersion = 1;
	classes = {
	};
	objectVersion = 56;
	objects = {

/* Begin PBXBuildFile section */
		D20D6FA72ABA80C60033751C /* AppDelegate.swift in Sources */ = {isa = PBXBuildFile; fileRef = D20D6FA62ABA80C60033751C /* AppDelegate.swift */; };
		D20D6FA92ABA80C60033751C /* SceneDelegate.swift in Sources */ = {isa = PBXBuildFile; fileRef = D20D6FA82ABA80C60033751C /* SceneDelegate.swift */; };
		D20D6FB02ABA80C80033751C /* Assets.xcassets in Resources */ = {isa = PBXBuildFile; fileRef = D20D6FAF2ABA80C80033751C /* Assets.xcassets */; };
		D20D6FB32ABA80C80033751C /* LaunchScreen.storyboard in Resources */ = {isa = PBXBuildFile; fileRef = D20D6FB12ABA80C80033751C /* LaunchScreen.storyboard */; };
		D20D6FBC2ABA836A0033751C /* HomeController.swift in Sources */ = {isa = PBXBuildFile; fileRef = D20D6FBB2ABA836A0033751C /* HomeController.swift */; };
		D20D6FBE2ABA83790033751C /* ForgotPasswordController.swift in Sources */ = {isa = PBXBuildFile; fileRef = D20D6FBD2ABA83790033751C /* ForgotPasswordController.swift */; };
		D20D6FC02ABA83940033751C /* LoginController.swift in Sources */ = {isa = PBXBuildFile; fileRef = D20D6FBF2ABA83940033751C /* LoginController.swift */; };
		D20D6FC22ABA83A80033751C /* RegisterController.swift in Sources */ = {isa = PBXBuildFile; fileRef = D20D6FC12ABA83A80033751C /* RegisterController.swift */; };
		D20D6FC52ABA85340033751C /* AuthHeaderView.swift in Sources */ = {isa = PBXBuildFile; fileRef = D20D6FC42ABA85340033751C /* AuthHeaderView.swift */; };
		D20D6FC72ABA940A0033751C /* CustomTextField.swift in Sources */ = {isa = PBXBuildFile; fileRef = D20D6FC62ABA940A0033751C /* CustomTextField.swift */; };
		D20D6FC92ABA9C030033751C /* CustomButton.swift in Sources */ = {isa = PBXBuildFile; fileRef = D20D6FC82ABA9C030033751C /* CustomButton.swift */; };
		D20D6FCB2ABAB4770033751C /* WebViewerController.swift in Sources */ = {isa = PBXBuildFile; fileRef = D20D6FCA2ABAB4770033751C /* WebViewerController.swift */; };
/* End PBXBuildFile section */

/* Begin PBXFileReference section */
		D20D6FA32ABA80C60033751C /* swift-login-system.app */ = {isa = PBXFileReference; explicitFileType = wrapper.application; includeInIndex = 0; path = "swift-login-system.app"; sourceTree = BUILT_PRODUCTS_DIR; };
		D20D6FA62ABA80C60033751C /* AppDelegate.swift */ = {isa = PBXFileReference; lastKnownFileType = sourcecode.swift; path = AppDelegate.swift; sourceTree = "<group>"; };
		D20D6FA82ABA80C60033751C /* SceneDelegate.swift */ = {isa = PBXFileReference; lastKnownFileType = sourcecode.swift; path = SceneDelegate.swift; sourceTree = "<group>"; };
		D20D6FAF2ABA80C80033751C /* Assets.xcassets */ = {isa = PBXFileReference; lastKnownFileType = folder.assetcatalog; path = Assets.xcassets; sourceTree = "<group>"; };
		D20D6FB22ABA80C80033751C /* Base */ = {isa = PBXFileReference; lastKnownFileType = file.storyboard; name = Base; path = Base.lproj/LaunchScreen.storyboard; sourceTree = "<group>"; };
		D20D6FB42ABA80C80033751C /* Info.plist */ = {isa = PBXFileReference; lastKnownFileType = text.plist.xml; path = Info.plist; sourceTree = "<group>"; };
		D20D6FBB2ABA836A0033751C /* HomeController.swift */ = {isa = PBXFileReference; lastKnownFileType = sourcecode.swift; path = HomeController.swift; sourceTree = "<group>"; };
		D20D6FBD2ABA83790033751C /* ForgotPasswordController.swift */ = {isa = PBXFileReference; lastKnownFileType = sourcecode.swift; path = ForgotPasswordController.swift; sourceTree = "<group>"; };
		D20D6FBF2ABA83940033751C /* LoginController.swift */ = {isa = PBXFileReference; lastKnownFileType = sourcecode.swift; path = LoginController.swift; sourceTree = "<group>"; };
		D20D6FC12ABA83A80033751C /* RegisterController.swift */ = {isa = PBXFileReference; lastKnownFileType = sourcecode.swift; path = RegisterController.swift; sourceTree = "<group>"; };
		D20D6FC42ABA85340033751C /* AuthHeaderView.swift */ = {isa = PBXFileReference; lastKnownFileType = sourcecode.swift; path = AuthHeaderView.swift; sourceTree = "<group>"; };
		D20D6FC62ABA940A0033751C /* CustomTextField.swift */ = {isa = PBXFileReference; lastKnownFileType = sourcecode.swift; path = CustomTextField.swift; sourceTree = "<group>"; };
		D20D6FC82ABA9C030033751C /* CustomButton.swift */ = {isa = PBXFileReference; lastKnownFileType = sourcecode.swift; path = CustomButton.swift; sourceTree = "<group>"; };
		D20D6FCA2ABAB4770033751C /* WebViewerController.swift */ = {isa = PBXFileReference; lastKnownFileType = sourcecode.swift; path = WebViewerController.swift; sourceTree = "<group>"; };
/* End PBXFileReference section */

/* Begin PBXFrameworksBuildPhase section */
		D20D6FA02ABA80C60033751C /* Frameworks */ = {
			isa = PBXFrameworksBuildPhase;
			buildActionMask = 2147483647;
			files = (
			);
			runOnlyForDeploymentPostprocessing = 0;
		};
/* End PBXFrameworksBuildPhase section */

/* Begin PBXGroup section */
		D20D6F9A2ABA80C60033751C = {
			isa = PBXGroup;
			children = (
				D20D6FA52ABA80C60033751C /* swift-login-system */,
				D20D6FA42ABA80C60033751C /* Products */,
			);
			sourceTree = "<group>";
		};
		D20D6FA42ABA80C60033751C /* Products */ = {
			isa = PBXGroup;
			children = (
				D20D6FA32ABA80C60033751C /* swift-login-system.app */,
			);
			name = Products;
			sourceTree = "<group>";
		};
		D20D6FA52ABA80C60033751C /* swift-login-system */ = {
			isa = PBXGroup;
			children = (
				D20D6FCA2ABAB4770033751C /* WebViewerController.swift */,
				D20D6FBB2ABA836A0033751C /* HomeController.swift */,
				D20D6FBD2ABA83790033751C /* ForgotPasswordController.swift */,
				D20D6FBF2ABA83940033751C /* LoginController.swift */,
				D20D6FC12ABA83A80033751C /* RegisterController.swift */,
				D20D6FC32ABA83CE0033751C /* Views */,
				D20D6FBA2ABA83100033751C /* Supporting */,
				D20D6FB42ABA80C80033751C /* Info.plist */,
			);
			path = "swift-login-system";
			sourceTree = "<group>";
		};
		D20D6FBA2ABA83100033751C /* Supporting */ = {
			isa = PBXGroup;
			children = (
				D20D6FA62ABA80C60033751C /* AppDelegate.swift */,
				D20D6FA82ABA80C60033751C /* SceneDelegate.swift */,
				D20D6FAF2ABA80C80033751C /* Assets.xcassets */,
				D20D6FB12ABA80C80033751C /* LaunchScreen.storyboard */,
			);
			path = Supporting;
			sourceTree = "<group>";
		};
		D20D6FC32ABA83CE0033751C /* Views */ = {
			isa = PBXGroup;
			children = (
				D20D6FC42ABA85340033751C /* AuthHeaderView.swift */,
				D20D6FC62ABA940A0033751C /* CustomTextField.swift */,
				D20D6FC82ABA9C030033751C /* CustomButton.swift */,
			);
			path = Views;
			sourceTree = "<group>";
		};
/* End PBXGroup section */

/* Begin PBXNativeTarget section */
		D20D6FA22ABA80C60033751C /* swift-login-system */ = {
			isa = PBXNativeTarget;
			buildConfigurationList = D20D6FB72ABA80C80033751C /* Build configuration list for PBXNativeTarget "swift-login-system" */;
			buildPhases = (
				D20D6F9F2ABA80C60033751C /* Sources */,
				D20D6FA02ABA80C60033751C /* Frameworks */,
				D20D6FA12ABA80C60033751C /* Resources */,
			);
			buildRules = (
			);
			dependencies = (
			);
			name = "swift-login-system";
			productName = "swift-login-system";
			productReference = D20D6FA32ABA80C60033751C /* swift-login-system.app */;
			productType = "com.apple.product-type.application";
		};
/* End PBXNativeTarget section */

/* Begin PBXProject section */
		D20D6F9B2ABA80C60033751C /* Project object */ = {
			isa = PBXProject;
			attributes = {
				BuildIndependentTargetsInParallel = 1;
				LastSwiftUpdateCheck = 1500;
				LastUpgradeCheck = 1500;
				TargetAttributes = {
					D20D6FA22ABA80C60033751C = {
						CreatedOnToolsVersion = 15.0;
					};
				};
			};
			buildConfigurationList = D20D6F9E2ABA80C60033751C /* Build configuration list for PBXProject "swift-login-system" */;
			compatibilityVersion = "Xcode 14.0";
			developmentRegion = en;
			hasScannedForEncodings = 0;
			knownRegions = (
				en,
				Base,
			);
			mainGroup = D20D6F9A2ABA80C60033751C;
			productRefGroup = D20D6FA42ABA80C60033751C /* Products */;
			projectDirPath = "";
			projectRoot = "";
			targets = (
				D20D6FA22ABA80C60033751C /* swift-login-system */,
			);
		};
/* End PBXProject section */

/* Begin PBXResourcesBuildPhase section */
		D20D6FA12ABA80C60033751C /* Resources */ = {
			isa = PBXResourcesBuildPhase;
			buildActionMask = 2147483647;
			files = (
				D20D6FB32ABA80C80033751C /* LaunchScreen.storyboard in Resources */,
				D20D6FB02ABA80C80033751C /* Assets.xcassets in Resources */,
			);
			runOnlyForDeploymentPostprocessing = 0;
		};
/* End PBXResourcesBuildPhase section */

/* Begin PBXSourcesBuildPhase section */
		D20D6F9F2ABA80C60033751C /* Sources */ = {
			isa = PBXSourcesBuildPhase;
			buildActionMask = 2147483647;
			files = (
				D20D6FBE2ABA83790033751C /* ForgotPasswordController.swift in Sources */,
				D20D6FC02ABA83940033751C /* LoginController.swift in Sources */,
				D20D6FC92ABA9C030033751C /* CustomButton.swift in Sources */,
				D20D6FBC2ABA836A0033751C /* HomeController.swift in Sources */,
				D20D6FC22ABA83A80033751C /* RegisterController.swift in Sources */,
				D20D6FC72ABA940A0033751C /* CustomTextField.swift in Sources */,
				D20D6FA72ABA80C60033751C /* AppDelegate.swift in Sources */,
				D20D6FA92ABA80C60033751C /* SceneDelegate.swift in Sources */,
				D20D6FCB2ABAB4770033751C /* WebViewerController.swift in Sources */,
				D20D6FC52ABA85340033751C /* AuthHeaderView.swift in Sources */,
			);
			runOnlyForDeploymentPostprocessing = 0;
		};
/* End PBXSourcesBuildPhase section */

/* Begin PBXVariantGroup section */
		D20D6FB12ABA80C80033751C /* LaunchScreen.storyboard */ = {
			isa = PBXVariantGroup;
			children = (
				D20D6FB22ABA80C80033751C /* Base */,
			);
			name = LaunchScreen.storyboard;
			sourceTree = "<group>";
		};
/* End PBXVariantGroup section */

/* Begin XCBuildConfiguration section */
		D20D6FB52ABA80C80033751C /* Debug */ = {
			isa = XCBuildConfiguration;
			buildSettings = {
				ALWAYS_SEARCH_USER_PATHS = NO;
				ASSETCATALOG_COMPILER_GENERATE_SWIFT_ASSET_SYMBOL_EXTENSIONS = YES;
				CLANG_ANALYZER_NONNULL = YES;
				CLANG_ANALYZER_NUMBER_OBJECT_CONVERSION = YES_AGGRESSIVE;
				CLANG_CXX_LANGUAGE_STANDARD = "gnu++20";
				CLANG_ENABLE_MODULES = YES;
				CLANG_ENABLE_OBJC_ARC = YES;
				CLANG_ENABLE_OBJC_WEAK = YES;
				CLANG_WARN_BLOCK_CAPTURE_AUTORELEASING = YES;
				CLANG_WARN_BOOL_CONVERSION = YES;
				CLANG_WARN_COMMA = YES;
				CLANG_WARN_CONSTANT_CONVERSION = YES;
				CLANG_WARN_DEPRECATED_OBJC_IMPLEMENTATIONS = YES;
				CLANG_WARN_DIRECT_OBJC_ISA_USAGE = YES_ERROR;
				CLANG_WARN_DOCUMENTATION_COMMENTS = YES;
				CLANG_WARN_EMPTY_BODY = YES;
				CLANG_WARN_ENUM_CONVERSION = YES;
				CLANG_WARN_INFINITE_RECURSION = YES;
				CLANG_WARN_INT_CONVERSION = YES;
				CLANG_WARN_NON_LITERAL_NULL_CONVERSION = YES;
				CLANG_WARN_OBJC_IMPLICIT_RETAIN_SELF = YES;
				CLANG_WARN_OBJC_LITERAL_CONVERSION = YES;
				CLANG_WARN_OBJC_ROOT_CLASS = YES_ERROR;
				CLANG_WARN_QUOTED_INCLUDE_IN_FRAMEWORK_HEADER = YES;
				CLANG_WARN_RANGE_LOOP_ANALYSIS = YES;
				CLANG_WARN_STRICT_PROTOTYPES = YES;
				CLANG_WARN_SUSPICIOUS_MOVE = YES;
				CLANG_WARN_UNGUARDED_AVAILABILITY = YES_AGGRESSIVE;
				CLANG_WARN_UNREACHABLE_CODE = YES;
				CLANG_WARN__DUPLICATE_METHOD_MATCH = YES;
				COPY_PHASE_STRIP = NO;
				DEBUG_INFORMATION_FORMAT = dwarf;
				ENABLE_STRICT_OBJC_MSGSEND = YES;
				ENABLE_TESTABILITY = YES;
				ENABLE_USER_SCRIPT_SANDBOXING = YES;
				GCC_C_LANGUAGE_STANDARD = gnu17;
				GCC_DYNAMIC_NO_PIC = NO;
				GCC_NO_COMMON_BLOCKS = YES;
				GCC_OPTIMIZATION_LEVEL = 0;
				GCC_PREPROCESSOR_DEFINITIONS = (
					"DEBUG=1",
					"$(inherited)",
				);
				GCC_WARN_64_TO_32_BIT_CONVERSION = YES;
				GCC_WARN_ABOUT_RETURN_TYPE = YES_ERROR;
				GCC_WARN_UNDECLARED_SELECTOR = YES;
				GCC_WARN_UNINITIALIZED_AUTOS = YES_AGGRESSIVE;
				GCC_WARN_UNUSED_FUNCTION = YES;
				GCC_WARN_UNUSED_VARIABLE = YES;
				IPHONEOS_DEPLOYMENT_TARGET = 15.0;
				LOCALIZATION_PREFERS_STRING_CATALOGS = YES;
				MTL_ENABLE_DEBUG_INFO = INCLUDE_SOURCE;
				MTL_FAST_MATH = YES;
				ONLY_ACTIVE_ARCH = YES;
				SDKROOT = iphoneos;
				SWIFT_ACTIVE_COMPILATION_CONDITIONS = "DEBUG $(inherited)";
				SWIFT_OPTIMIZATION_LEVEL = "-Onone";
			};
			name = Debug;
		};
		D20D6FB62ABA80C80033751C /* Release */ = {
			isa = XCBuildConfiguration;
			buildSettings = {
				ALWAYS_SEARCH_USER_PATHS = NO;
				ASSETCATALOG_COMPILER_GENERATE_SWIFT_ASSET_SYMBOL_EXTENSIONS = YES;
				CLANG_ANALYZER_NONNULL = YES;
				CLANG_ANALYZER_NUMBER_OBJECT_CONVERSION = YES_AGGRESSIVE;
				CLANG_CXX_LANGUAGE_STANDARD = "gnu++20";
				CLANG_ENABLE_MODULES = YES;
				CLANG_ENABLE_OBJC_ARC = YES;
				CLANG_ENABLE_OBJC_WEAK = YES;
				CLANG_WARN_BLOCK_CAPTURE_AUTORELEASING = YES;
				CLANG_WARN_BOOL_CONVERSION = YES;
				CLANG_WARN_COMMA = YES;
				CLANG_WARN_CONSTANT_CONVERSION = YES;
				CLANG_WARN_DEPRECATED_OBJC_IMPLEMENTATIONS = YES;
				CLANG_WARN_DIRECT_OBJC_ISA_USAGE = YES_ERROR;
				CLANG_WARN_DOCUMENTATION_COMMENTS = YES;
				CLANG_WARN_EMPTY_BODY = YES;
				CLANG_WARN_ENUM_CONVERSION = YES;
				CLANG_WARN_INFINITE_RECURSION = YES;
				CLANG_WARN_INT_CONVERSION = YES;
				CLANG_WARN_NON_LITERAL_NULL_CONVERSION = YES;
				CLANG_WARN_OBJC_IMPLICIT_RETAIN_SELF = YES;
				CLANG_WARN_OBJC_LITERAL_CONVERSION = YES;
				CLANG_WARN_OBJC_ROOT_CLASS = YES_ERROR;
				CLANG_WARN_QUOTED_INCLUDE_IN_FRAMEWORK_HEADER = YES;
				CLANG_WARN_RANGE_LOOP_ANALYSIS = YES;
				CLANG_WARN_STRICT_PROTOTYPES = YES;
				CLANG_WARN_SUSPICIOUS_MOVE = YES;
				CLANG_WARN_UNGUARDED_AVAILABILITY = YES_AGGRESSIVE;
				CLANG_WARN_UNREACHABLE_CODE = YES;
				CLANG_WARN__DUPLICATE_METHOD_MATCH = YES;
				COPY_PHASE_STRIP = NO;
				DEBUG_INFORMATION_FORMAT = "dwarf-with-dsym";
				ENABLE_NS_ASSERTIONS = NO;
				ENABLE_STRICT_OBJC_MSGSEND = YES;
				ENABLE_USER_SCRIPT_SANDBOXING = YES;
				GCC_C_LANGUAGE_STANDARD = gnu17;
				GCC_NO_COMMON_BLOCKS = YES;
				GCC_WARN_64_TO_32_BIT_CONVERSION = YES;
				GCC_WARN_ABOUT_RETURN_TYPE = YES_ERROR;
				GCC_WARN_UNDECLARED_SELECTOR = YES;
				GCC_WARN_UNINITIALIZED_AUTOS = YES_AGGRESSIVE;
				GCC_WARN_UNUSED_FUNCTION = YES;
				GCC_WARN_UNUSED_VARIABLE = YES;
				IPHONEOS_DEPLOYMENT_TARGET = 15.0;
				LOCALIZATION_PREFERS_STRING_CATALOGS = YES;
				MTL_ENABLE_DEBUG_INFO = NO;
				MTL_FAST_MATH = YES;
				SDKROOT = iphoneos;
				SWIFT_COMPILATION_MODE = wholemodule;
				VALIDATE_PRODUCT = YES;
			};
			name = Release;
		};
		D20D6FB82ABA80C80033751C /* Debug */ = {
			isa = XCBuildConfiguration;
			buildSettings = {
				ASSETCATALOG_COMPILER_APPICON_NAME = AppIcon;
				ASSETCATALOG_COMPILER_GLOBAL_ACCENT_COLOR_NAME = AccentColor;
				CODE_SIGN_STYLE = Automatic;
				CURRENT_PROJECT_VERSION = 1;
				DEVELOPMENT_TEAM = 9P2DNH3C2B;
				GENERATE_INFOPLIST_FILE = YES;
				INFOPLIST_FILE = "swift-login-system/Info.plist";
				INFOPLIST_KEY_UIApplicationSupportsIndirectInputEvents = YES;
				INFOPLIST_KEY_UILaunchStoryboardName = LaunchScreen;
				INFOPLIST_KEY_UISupportedInterfaceOrientations_iPad = "UIInterfaceOrientationPortrait UIInterfaceOrientationPortraitUpsideDown UIInterfaceOrientationLandscapeLeft UIInterfaceOrientationLandscapeRight";
				INFOPLIST_KEY_UISupportedInterfaceOrientations_iPhone = "UIInterfaceOrientationPortrait UIInterfaceOrientationLandscapeLeft UIInterfaceOrientationLandscapeRight";
				IPHONEOS_DEPLOYMENT_TARGET = 15.0;
				LD_RUNPATH_SEARCH_PATHS = (
					"$(inherited)",
					"@executable_path/Frameworks",
				);
				MARKETING_VERSION = 1.0;
				PRODUCT_BUNDLE_IDENTIFIER = "me.singh.adarsh.swift-login-system";
				PRODUCT_NAME = "$(TARGET_NAME)";
				SWIFT_EMIT_LOC_STRINGS = YES;
				SWIFT_VERSION = 5.0;
				TARGETED_DEVICE_FAMILY = "1,2";
			};
			name = Debug;
		};
		D20D6FB92ABA80C80033751C /* Release */ = {
			isa = XCBuildConfiguration;
			buildSettings = {
				ASSETCATALOG_COMPILER_APPICON_NAME = AppIcon;
				ASSETCATALOG_COMPILER_GLOBAL_ACCENT_COLOR_NAME = AccentColor;
				CODE_SIGN_STYLE = Automatic;
				CURRENT_PROJECT_VERSION = 1;
				DEVELOPMENT_TEAM = 9P2DNH3C2B;
				GENERATE_INFOPLIST_FILE = YES;
				INFOPLIST_FILE = "swift-login-system/Info.plist";
				INFOPLIST_KEY_UIApplicationSupportsIndirectInputEvents = YES;
				INFOPLIST_KEY_UILaunchStoryboardName = LaunchScreen;
				INFOPLIST_KEY_UISupportedInterfaceOrientations_iPad = "UIInterfaceOrientationPortrait UIInterfaceOrientationPortraitUpsideDown UIInterfaceOrientationLandscapeLeft UIInterfaceOrientationLandscapeRight";
				INFOPLIST_KEY_UISupportedInterfaceOrientations_iPhone = "UIInterfaceOrientationPortrait UIInterfaceOrientationLandscapeLeft UIInterfaceOrientationLandscapeRight";
				IPHONEOS_DEPLOYMENT_TARGET = 15.0;
				LD_RUNPATH_SEARCH_PATHS = (
					"$(inherited)",
					"@executable_path/Frameworks",
				);
				MARKETING_VERSION = 1.0;
				PRODUCT_BUNDLE_IDENTIFIER = "me.singh.adarsh.swift-login-system";
				PRODUCT_NAME = "$(TARGET_NAME)";
				SWIFT_EMIT_LOC_STRINGS = YES;
				SWIFT_VERSION = 5.0;
				TARGETED_DEVICE_FAMILY = "1,2";
			};
			name = Release;
		};
/* End XCBuildConfiguration section */

/* Begin XCConfigurationList section */
		D20D6F9E2ABA80C60033751C /* Build configuration list for PBXProject "swift-login-system" */ = {
			isa = XCConfigurationList;
			buildConfigurations = (
				D20D6FB52ABA80C80033751C /* Debug */,
				D20D6FB62ABA80C80033751C /* Release */,
			);
			defaultConfigurationIsVisible = 0;
			defaultConfigurationName = Release;
		};
		D20D6FB72ABA80C80033751C /* Build configuration list for PBXNativeTarget "swift-login-system" */ = {
			isa = XCConfigurationList;
			buildConfigurations = (
				D20D6FB82ABA80C80033751C /* Debug */,
				D20D6FB92ABA80C80033751C /* Release */,
			);
			defaultConfigurationIsVisible = 0;
			defaultConfigurationName = Release;
		};
/* End XCConfigurationList section */
	};
	rootObject = D20D6F9B2ABA80C60033751C /* Project object */;
}
